
Microsoft Visual Studio Solution File, Format Version 12.00
# Visual Studio 15
Project("{FAE04EC0-301F-11D3-BF4B-00C04F79EFBC}") = "Assembly-CSharp", "Assembly-CSharp.csproj", "{E894B6AB-5BEB-1590-74D6-4D0546A5AEF7}"
EndProject
Project("{FAE04EC0-301F-11D3-BF4B-00C04F79EFBC}") = "Assembly-CSharp-Editor", "Assembly-CSharp-Editor.csproj", "{1164FD91-8C6F-45F2-2720-7989893A9FA2}"
EndProject
Global
	GlobalSection(SolutionConfigurationPlatforms) = preSolution
		Debug|Any CPU = Debug|Any CPU
		Release|Any CPU = Release|Any CPU
	EndGlobalSection
	GlobalSection(ProjectConfigurationPlatforms) = postSolution
		{E894B6AB-5BEB-1590-74D6-4D0546A5AEF7}.Debug|Any CPU.ActiveCfg = Debug|Any CPU
		{E894B6AB-5BEB-1590-74D6-4D0546A5AEF7}.Debug|Any CPU.Build.0 = Debug|Any CPU
		{E894B6AB-5BEB-1590-74D6-4D0546A5AEF7}.Release|Any CPU.ActiveCfg = Release|Any CPU
		{E894B6AB-5BEB-1590-74D6-4D0546A5AEF7}.Release|Any CPU.Build.0 = Release|Any CPU
		{1164FD91-8C6F-45F2-2720-7989893A9FA2}.Debug|Any CPU.ActiveCfg = Debug|Any CPU
		{1164FD91-8C6F-45F2-2720-7989893A9FA2}.Debug|Any CPU.Build.0 = Debug|Any CPU
		{1164FD91-8C6F-45F2-2720-7989893A9FA2}.Release|Any CPU.ActiveCfg = Release|Any CPU
		{1164FD91-8C6F-45F2-2720-7989893A9FA2}.Release|Any CPU.Build.0 = Release|Any CPU
	EndGlobalSection
	GlobalSection(SolutionProperties) = preSolution
		HideSolutionNode = FALSE
	EndGlobalSection
EndGlobal
